// !$*UTF8*$!
{
	archiveVersion = 1;
	classes = {
	};
	objectVersion = 56;
	objects = {

/* Begin PBXBuildFile section */
		E95CF88029B62B730012C6AD /* main.swift in Sources */ = {isa = PBXBuildFile; fileRef = E95CF87F29B62B730012C6AD /* main.swift */; };
		E95CF88829B62BC80012C6AD /* SwiftParser in Frameworks */ = {isa = PBXBuildFile; productRef = E95CF88729B62BC80012C6AD /* SwiftParser */; };
		E95CF88A29B62BC80012C6AD /* SwiftSyntax in Frameworks */ = {isa = PBXBuildFile; productRef = E95CF88929B62BC80012C6AD /* SwiftSyntax */; };
		E95CF88C29B633D40012C6AD /* FileLoader.swift in Sources */ = {isa = PBXBuildFile; fileRef = E95CF88B29B633D40012C6AD /* FileLoader.swift */; };
		E95CF88E29B634490012C6AD /* Visitor.swift in Sources */ = {isa = PBXBuildFile; fileRef = E95CF88D29B634490012C6AD /* Visitor.swift */; };
		E95CF89029B6346C0012C6AD /* NameSyntax.swift in Sources */ = {isa = PBXBuildFile; fileRef = E95CF88F29B6346C0012C6AD /* NameSyntax.swift */; };
/* End PBXBuildFile section */

/* Begin PBXCopyFilesBuildPhase section */
		E95CF87A29B62B730012C6AD /* CopyFiles */ = {
			isa = PBXCopyFilesBuildPhase;
			buildActionMask = 2147483647;
			dstPath = /usr/share/man/man1/;
			dstSubfolderSpec = 0;
			files = (
			);
			runOnlyForDeploymentPostprocessing = 1;
		};
/* End PBXCopyFilesBuildPhase section */

/* Begin PBXFileReference section */
		E95CF87C29B62B730012C6AD /* parser-example */ = {isa = PBXFileReference; explicitFileType = "compiled.mach-o.executable"; includeInIndex = 0; path = "parser-example"; sourceTree = BUILT_PRODUCTS_DIR; };
		E95CF87F29B62B730012C6AD /* main.swift */ = {isa = PBXFileReference; lastKnownFileType = sourcecode.swift; path = main.swift; sourceTree = "<group>"; };
		E95CF88B29B633D40012C6AD /* FileLoader.swift */ = {isa = PBXFileReference; lastKnownFileType = sourcecode.swift; path = FileLoader.swift; sourceTree = "<group>"; };
		E95CF88D29B634490012C6AD /* Visitor.swift */ = {isa = PBXFileReference; lastKnownFileType = sourcecode.swift; path = Visitor.swift; sourceTree = "<group>"; };
		E95CF88F29B6346C0012C6AD /* NameSyntax.swift */ = {isa = PBXFileReference; lastKnownFileType = sourcecode.swift; path = NameSyntax.swift; sourceTree = "<group>"; };
/* End PBXFileReference section */

/* Begin PBXFrameworksBuildPhase section */
		E95CF87929B62B730012C6AD /* Frameworks */ = {
			isa = PBXFrameworksBuildPhase;
			buildActionMask = 2147483647;
			files = (
				E95CF88829B62BC80012C6AD /* SwiftParser in Frameworks */,
				E95CF88A29B62BC80012C6AD /* SwiftSyntax in Frameworks */,
			);
			runOnlyForDeploymentPostprocessing = 0;
		};
/* End PBXFrameworksBuildPhase section */

/* Begin PBXGroup section */
		E95CF87329B62B730012C6AD = {
			isa = PBXGroup;
			children = (
				E95CF87E29B62B730012C6AD /* parser-example */,
				E95CF87D29B62B730012C6AD /* Products */,
			);
			sourceTree = "<group>";
		};
		E95CF87D29B62B730012C6AD /* Products */ = {
			isa = PBXGroup;
			children = (
				E95CF87C29B62B730012C6AD /* parser-example */,
			);
			name = Products;
			sourceTree = "<group>";
		};
		E95CF87E29B62B730012C6AD /* parser-example */ = {
			isa = PBXGroup;
			children = (
				E95CF87F29B62B730012C6AD /* main.swift */,
				E95CF88B29B633D40012C6AD /* FileLoader.swift */,
				E95CF88F29B6346C0012C6AD /* NameSyntax.swift */,
				E95CF88D29B634490012C6AD /* Visitor.swift */,
			);
			path = "parser-example";
			sourceTree = "<group>";
		};
/* End PBXGroup section */

/* Begin PBXNativeTarget section */
		E95CF87B29B62B730012C6AD /* parser-example */ = {
			isa = PBXNativeTarget;
			buildConfigurationList = E95CF88329B62B730012C6AD /* Build configuration list for PBXNativeTarget "parser-example" */;
			buildPhases = (
				E95CF87829B62B730012C6AD /* Sources */,
				E95CF87929B62B730012C6AD /* Frameworks */,
				E95CF87A29B62B730012C6AD /* CopyFiles */,
			);
			buildRules = (
			);
			dependencies = (
			);
			name = "parser-example";
			packageProductDependencies = (
				E95CF88729B62BC80012C6AD /* SwiftParser */,
				E95CF88929B62BC80012C6AD /* SwiftSyntax */,
			);
			productName = "parser-example";
			productReference = E95CF87C29B62B730012C6AD /* parser-example */;
			productType = "com.apple.product-type.tool";
		};
/* End PBXNativeTarget section */

/* Begin PBXProject section */
		E95CF87429B62B730012C6AD /* Project object */ = {
			isa = PBXProject;
			attributes = {
				BuildIndependentTargetsInParallel = 1;
				LastSwiftUpdateCheck = 1420;
				LastUpgradeCheck = 1420;
				TargetAttributes = {
					E95CF87B29B62B730012C6AD = {
						CreatedOnToolsVersion = 14.2;
					};
				};
			};
			buildConfigurationList = E95CF87729B62B730012C6AD /* Build configuration list for PBXProject "parser-example" */;
			compatibilityVersion = "Xcode 14.0";
			developmentRegion = en;
			hasScannedForEncodings = 0;
			knownRegions = (
				en,
				Base,
			);
			mainGroup = E95CF87329B62B730012C6AD;
			packageReferences = (
				E95CF88629B62BC80012C6AD /* XCRemoteSwiftPackageReference "swift-syntax" */,
			);
			productRefGroup = E95CF87D29B62B730012C6AD /* Products */;
			projectDirPath = "";
			projectRoot = "";
			targets = (
				E95CF87B29B62B730012C6AD /* parser-example */,
			);
		};
/* End PBXProject section */

/* Begin PBXSourcesBuildPhase section */
		E95CF87829B62B730012C6AD /* Sources */ = {
			isa = PBXSourcesBuildPhase;
			buildActionMask = 2147483647;
			files = (
				E95CF88C29B633D40012C6AD /* FileLoader.swift in Sources */,
				E95CF88E29B634490012C6AD /* Visitor.swift in Sources */,
				E95CF89029B6346C0012C6AD /* NameSyntax.swift in Sources */,
				E95CF88029B62B730012C6AD /* main.swift in Sources */,
			);
			runOnlyForDeploymentPostprocessing = 0;
		};
/* End PBXSourcesBuildPhase section */

/* Begin XCBuildConfiguration section */
		E95CF88129B62B730012C6AD /* Debug */ = {
			isa = XCBuildConfiguration;
			buildSettings = {
				ALWAYS_SEARCH_USER_PATHS = NO;
				CLANG_ANALYZER_NONNULL = YES;
				CLANG_ANALYZER_NUMBER_OBJECT_CONVERSION = YES_AGGRESSIVE;
				CLANG_CXX_LANGUAGE_STANDARD = "gnu++20";
				CLANG_ENABLE_MODULES = YES;
				CLANG_ENABLE_OBJC_ARC = YES;
				CLANG_ENABLE_OBJC_WEAK = YES;
				CLANG_WARN_BLOCK_CAPTURE_AUTORELEASING = YES;
				CLANG_WARN_BOOL_CONVERSION = YES;
				CLANG_WARN_COMMA = YES;
				CLANG_WARN_CONSTANT_CONVERSION = YES;
				CLANG_WARN_DEPRECATED_OBJC_IMPLEMENTATIONS = YES;
				CLANG_WARN_DIRECT_OBJC_ISA_USAGE = YES_ERROR;
				CLANG_WARN_DOCUMENTATION_COMMENTS = YES;
				CLANG_WARN_EMPTY_BODY = YES;
				CLANG_WARN_ENUM_CONVERSION = YES;
				CLANG_WARN_INFINITE_RECURSION = YES;
				CLANG_WARN_INT_CONVERSION = YES;
				CLANG_WARN_NON_LITERAL_NULL_CONVERSION = YES;
				CLANG_WARN_OBJC_IMPLICIT_RETAIN_SELF = YES;
				CLANG_WARN_OBJC_LITERAL_CONVERSION = YES;
				CLANG_WARN_OBJC_ROOT_CLASS = YES_ERROR;
				CLANG_WARN_QUOTED_INCLUDE_IN_FRAMEWORK_HEADER = YES;
				CLANG_WARN_RANGE_LOOP_ANALYSIS = YES;
				CLANG_WARN_STRICT_PROTOTYPES = YES;
				CLANG_WARN_SUSPICIOUS_MOVE = YES;
				CLANG_WARN_UNGUARDED_AVAILABILITY = YES_AGGRESSIVE;
				CLANG_WARN_UNREACHABLE_CODE = YES;
				CLANG_WARN__DUPLICATE_METHOD_MATCH = YES;
				COPY_PHASE_STRIP = NO;
				DEBUG_INFORMATION_FORMAT = dwarf;
				ENABLE_STRICT_OBJC_MSGSEND = YES;
				ENABLE_TESTABILITY = YES;
				GCC_C_LANGUAGE_STANDARD = gnu11;
				GCC_DYNAMIC_NO_PIC = NO;
				GCC_NO_COMMON_BLOCKS = YES;
				GCC_OPTIMIZATION_LEVEL = 0;
				GCC_PREPROCESSOR_DEFINITIONS = (
					"DEBUG=1",
					"$(inherited)",
				);
				GCC_WARN_64_TO_32_BIT_CONVERSION = YES;
				GCC_WARN_ABOUT_RETURN_TYPE = YES_ERROR;
				GCC_WARN_UNDECLARED_SELECTOR = YES;
				GCC_WARN_UNINITIALIZED_AUTOS = YES_AGGRESSIVE;
				GCC_WARN_UNUSED_FUNCTION = YES;
				GCC_WARN_UNUSED_VARIABLE = YES;
				MACOSX_DEPLOYMENT_TARGET = 13.1;
				MTL_ENABLE_DEBUG_INFO = INCLUDE_SOURCE;
				MTL_FAST_MATH = YES;
				ONLY_ACTIVE_ARCH = YES;
				SDKROOT = macosx;
				SWIFT_ACTIVE_COMPILATION_CONDITIONS = DEBUG;
				SWIFT_OPTIMIZATION_LEVEL = "-Onone";
			};
			name = Debug;
		};
		E95CF88229B62B730012C6AD /* Release */ = {
			isa = XCBuildConfiguration;
			buildSettings = {
				ALWAYS_SEARCH_USER_PATHS = NO;
				CLANG_ANALYZER_NONNULL = YES;
				CLANG_ANALYZER_NUMBER_OBJECT_CONVERSION = YES_AGGRESSIVE;
				CLANG_CXX_LANGUAGE_STANDARD = "gnu++20";
				CLANG_ENABLE_MODULES = YES;
				CLANG_ENABLE_OBJC_ARC = YES;
				CLANG_ENABLE_OBJC_WEAK = YES;
				CLANG_WARN_BLOCK_CAPTURE_AUTORELEASING = YES;
				CLANG_WARN_BOOL_CONVERSION = YES;
				CLANG_WARN_COMMA = YES;
				CLANG_WARN_CONSTANT_CONVERSION = YES;
				CLANG_WARN_DEPRECATED_OBJC_IMPLEMENTATIONS = YES;
				CLANG_WARN_DIRECT_OBJC_ISA_USAGE = YES_ERROR;
				CLANG_WARN_DOCUMENTATION_COMMENTS = YES;
				CLANG_WARN_EMPTY_BODY = YES;
				CLANG_WARN_ENUM_CONVERSION = YES;
				CLANG_WARN_INFINITE_RECURSION = YES;
				CLANG_WARN_INT_CONVERSION = YES;
				CLANG_WARN_NON_LITERAL_NULL_CONVERSION = YES;
				CLANG_WARN_OBJC_IMPLICIT_RETAIN_SELF = YES;
				CLANG_WARN_OBJC_LITERAL_CONVERSION = YES;
				CLANG_WARN_OBJC_ROOT_CLASS = YES_ERROR;
				CLANG_WARN_QUOTED_INCLUDE_IN_FRAMEWORK_HEADER = YES;
				CLANG_WARN_RANGE_LOOP_ANALYSIS = YES;
				CLANG_WARN_STRICT_PROTOTYPES = YES;
				CLANG_WARN_SUSPICIOUS_MOVE = YES;
				CLANG_WARN_UNGUARDED_AVAILABILITY = YES_AGGRESSIVE;
				CLANG_WARN_UNREACHABLE_CODE = YES;
				CLANG_WARN__DUPLICATE_METHOD_MATCH = YES;
				COPY_PHASE_STRIP = NO;
				DEBUG_INFORMATION_FORMAT = "dwarf-with-dsym";
				ENABLE_NS_ASSERTIONS = NO;
				ENABLE_STRICT_OBJC_MSGSEND = YES;
				GCC_C_LANGUAGE_STANDARD = gnu11;
				GCC_NO_COMMON_BLOCKS = YES;
				GCC_WARN_64_TO_32_BIT_CONVERSION = YES;
				GCC_WARN_ABOUT_RETURN_TYPE = YES_ERROR;
				GCC_WARN_UNDECLARED_SELECTOR = YES;
				GCC_WARN_UNINITIALIZED_AUTOS = YES_AGGRESSIVE;
				GCC_WARN_UNUSED_FUNCTION = YES;
				GCC_WARN_UNUSED_VARIABLE = YES;
				MACOSX_DEPLOYMENT_TARGET = 13.1;
				MTL_ENABLE_DEBUG_INFO = NO;
				MTL_FAST_MATH = YES;
				SDKROOT = macosx;
				SWIFT_COMPILATION_MODE = wholemodule;
				SWIFT_OPTIMIZATION_LEVEL = "-O";
			};
			name = Release;
		};
		E95CF88429B62B730012C6AD /* Debug */ = {
			isa = XCBuildConfiguration;
			buildSettings = {
				CODE_SIGN_STYLE = Automatic;
				PRODUCT_NAME = "$(TARGET_NAME)";
				SWIFT_VERSION = 5.0;
			};
			name = Debug;
		};
		E95CF88529B62B730012C6AD /* Release */ = {
			isa = XCBuildConfiguration;
			buildSettings = {
				CODE_SIGN_STYLE = Automatic;
				PRODUCT_NAME = "$(TARGET_NAME)";
				SWIFT_VERSION = 5.0;
			};
			name = Release;
		};
/* End XCBuildConfiguration section */

/* Begin XCConfigurationList section */
		E95CF87729B62B730012C6AD /* Build configuration list for PBXProject "parser-example" */ = {
			isa = XCConfigurationList;
			buildConfigurations = (
				E95CF88129B62B730012C6AD /* Debug */,
				E95CF88229B62B730012C6AD /* Release */,
			);
			defaultConfigurationIsVisible = 0;
			defaultConfigurationName = Release;
		};
		E95CF88329B62B730012C6AD /* Build configuration list for PBXNativeTarget "parser-example" */ = {
			isa = XCConfigurationList;
			buildConfigurations = (
				E95CF88429B62B730012C6AD /* Debug */,
				E95CF88529B62B730012C6AD /* Release */,
			);
			defaultConfigurationIsVisible = 0;
			defaultConfigurationName = Release;
		};
/* End XCConfigurationList section */

/* Begin XCRemoteSwiftPackageReference section */
		E95CF88629B62BC80012C6AD /* XCRemoteSwiftPackageReference "swift-syntax" */ = {
			isa = XCRemoteSwiftPackageReference;
			repositoryURL = "https://github.com/apple/swift-syntax.git";
			requirement = {
				branch = main;
				kind = branch;
			};
		};
/* End XCRemoteSwiftPackageReference section */

/* Begin XCSwiftPackageProductDependency section */
		E95CF88729B62BC80012C6AD /* SwiftParser */ = {
			isa = XCSwiftPackageProductDependency;
			package = E95CF88629B62BC80012C6AD /* XCRemoteSwiftPackageReference "swift-syntax" */;
			productName = SwiftParser;
		};
		E95CF88929B62BC80012C6AD /* SwiftSyntax */ = {
			isa = XCSwiftPackageProductDependency;
			package = E95CF88629B62BC80012C6AD /* XCRemoteSwiftPackageReference "swift-syntax" */;
			productName = SwiftSyntax;
		};
/* End XCSwiftPackageProductDependency section */
	};
	rootObject = E95CF87429B62B730012C6AD /* Project object */;
}
